
Microsoft Visual Studio Solution File, Format Version 12.00
# Visual Studio Version 17
VisualStudioVersion = 17.14.36121.58 d17.14
MinimumVisualStudioVersion = 10.0.40219.1
Project("{FAE04EC0-301F-11D3-BF4B-00C04F79EFBC}") = "UnicomTicManageSystemApp", "UnicomTicManageSystemApp\UnicomTicManageSystemApp.csproj", "{18C6F7F6-B59C-499E-B83B-BA6BCD519077}"
EndProject
Global
	GlobalSection(SolutionConfigurationPlatforms) = preSolution
		Debug|Any CPU = Debug|Any CPU
		Release|Any CPU = Release|Any CPU
	EndGlobalSection
	GlobalSection(ProjectConfigurationPlatforms) = postSolution
		{18C6F7F6-B59C-499E-B83B-BA6BCD519077}.Debug|Any CPU.ActiveCfg = Debug|Any CPU
		{18C6F7F6-B59C-499E-B83B-BA6BCD519077}.Debug|Any CPU.Build.0 = Debug|Any CPU
		{18C6F7F6-B59C-499E-B83B-BA6BCD519077}.Release|Any CPU.ActiveCfg = Release|Any CPU
		{18C6F7F6-B59C-499E-B83B-BA6BCD519077}.Release|Any CPU.Build.0 = Release|Any CPU
	EndGlobalSection
	GlobalSection(SolutionProperties) = preSolution
		HideSolutionNode = FALSE
	EndGlobalSection
	GlobalSection(ExtensibilityGlobals) = postSolution
		SolutionGuid = {0D60C143-DB54-4836-B428-BFF190DCC15F}
	EndGlobalSection
EndGlobal
